
Microsoft Visual Studio Solution File, Format Version 12.00
# Visual Studio 15
VisualStudioVersion = 15.0.27130.2036
MinimumVisualStudioVersion = 10.0.40219.1
Project("{FAE04EC0-301F-11D3-BF4B-00C04F79EFBC}") = "PolyclinicView", "PolyclinicView\PolyclinicView.csproj", "{3B6113AE-563D-40B0-8C3E-CE0EC3521C2D}"
EndProject
Project("{FAE04EC0-301F-11D3-BF4B-00C04F79EFBC}") = "PolyclinicBL", "PolyclinicBL\PolyclinicBL.csproj", "{B1FE6448-B406-4E39-B07C-8A00BAE871D3}"
EndProject
Project("{FAE04EC0-301F-11D3-BF4B-00C04F79EFBC}") = "PolyclinicDBManager", "PolyclinicDBManager\PolyclinicDBManager.csproj", "{69FB67B4-4783-4760-A0A3-262FD71D9156}"
EndProject
Global
	GlobalSection(SolutionConfigurationPlatforms) = preSolution
		Debug|Any CPU = Debug|Any CPU
		Release|Any CPU = Release|Any CPU
	EndGlobalSection
	GlobalSection(ProjectConfigurationPlatforms) = postSolution
		{3B6113AE-563D-40B0-8C3E-CE0EC3521C2D}.Debug|Any CPU.ActiveCfg = Debug|Any CPU
		{3B6113AE-563D-40B0-8C3E-CE0EC3521C2D}.Debug|Any CPU.Build.0 = Debug|Any CPU
		{3B6113AE-563D-40B0-8C3E-CE0EC3521C2D}.Release|Any CPU.ActiveCfg = Release|Any CPU
		{3B6113AE-563D-40B0-8C3E-CE0EC3521C2D}.Release|Any CPU.Build.0 = Release|Any CPU
		{B1FE6448-B406-4E39-B07C-8A00BAE871D3}.Debug|Any CPU.ActiveCfg = Debug|Any CPU
		{B1FE6448-B406-4E39-B07C-8A00BAE871D3}.Debug|Any CPU.Build.0 = Debug|Any CPU
		{B1FE6448-B406-4E39-B07C-8A00BAE871D3}.Release|Any CPU.ActiveCfg = Release|Any CPU
		{B1FE6448-B406-4E39-B07C-8A00BAE871D3}.Release|Any CPU.Build.0 = Release|Any CPU
		{69FB67B4-4783-4760-A0A3-262FD71D9156}.Debug|Any CPU.ActiveCfg = Debug|Any CPU
		{69FB67B4-4783-4760-A0A3-262FD71D9156}.Debug|Any CPU.Build.0 = Debug|Any CPU
		{69FB67B4-4783-4760-A0A3-262FD71D9156}.Release|Any CPU.ActiveCfg = Release|Any CPU
		{69FB67B4-4783-4760-A0A3-262FD71D9156}.Release|Any CPU.Build.0 = Release|Any CPU
	EndGlobalSection
	GlobalSection(SolutionProperties) = preSolution
		HideSolutionNode = FALSE
	EndGlobalSection
	GlobalSection(ExtensibilityGlobals) = postSolution
		SolutionGuid = {96FBA769-7234-43F0-B66D-2E6B99577D4E}
	EndGlobalSection
EndGlobal
